// !$*UTF8*$!
{
	archiveVersion = 1;
	classes = {
	};
	objectVersion = 45;
	objects = {

/* Begin PBXBuildFile section */
		8DD76FB00486AB0100D96B5E /* dollUploader.1 in CopyFiles */ = {isa = PBXBuildFile; fileRef = C6A0FF2C0290799A04C91782 /* dollUploader.1 */; };
		E4873D6712FAFBC200EADD08 /* tinyxml.cpp in Sources */ = {isa = PBXBuildFile; fileRef = E4873D6012FAFBC200EADD08 /* tinyxml.cpp */; };
		E4873D6812FAFBC200EADD08 /* tinyxmlerror.cpp in Sources */ = {isa = PBXBuildFile; fileRef = E4873D6212FAFBC200EADD08 /* tinyxmlerror.cpp */; };
		E4873D6912FAFBC200EADD08 /* tinyxmlparser.cpp in Sources */ = {isa = PBXBuildFile; fileRef = E4873D6312FAFBC200EADD08 /* tinyxmlparser.cpp */; };
		E4873D6A12FAFBC200EADD08 /* ofxXmlSettings.cpp in Sources */ = {isa = PBXBuildFile; fileRef = E4873D6512FAFBC200EADD08 /* ofxXmlSettings.cpp */; };
		E4B4F7081301B8C800B7A10F /* main.cpp in Sources */ = {isa = PBXBuildFile; fileRef = E4B4F6FB1301B8C800B7A10F /* main.cpp */; };
		E4B4F7091301B8C800B7A10F /* ofMain.cpp in Sources */ = {isa = PBXBuildFile; fileRef = E4B4F6FC1301B8C800B7A10F /* ofMain.cpp */; };
		E4B4F70A1301B8C800B7A10F /* tttContainer.cpp in Sources */ = {isa = PBXBuildFile; fileRef = E4B4F6FE1301B8C800B7A10F /* tttContainer.cpp */; };
		E4B4F70B1301B8C800B7A10F /* tttData.cpp in Sources */ = {isa = PBXBuildFile; fileRef = E4B4F7001301B8C800B7A10F /* tttData.cpp */; };
		E4B4F70C1301B8C800B7A10F /* tttPackage.cpp in Sources */ = {isa = PBXBuildFile; fileRef = E4B4F7021301B8C800B7A10F /* tttPackage.cpp */; };
		E4B4F70D1301B8C800B7A10F /* tttParser.cpp in Sources */ = {isa = PBXBuildFile; fileRef = E4B4F7041301B8C800B7A10F /* tttParser.cpp */; };
		E4B4F70E1301B8C800B7A10F /* tttUtils.cpp in Sources */ = {isa = PBXBuildFile; fileRef = E4B4F7061301B8C800B7A10F /* tttUtils.cpp */; };
/* End PBXBuildFile section */

/* Begin PBXCopyFilesBuildPhase section */
		8DD76FAF0486AB0100D96B5E /* CopyFiles */ = {
			isa = PBXCopyFilesBuildPhase;
			buildActionMask = 8;
			dstPath = /usr/share/man/man1/;
			dstSubfolderSpec = 0;
			files = (
				8DD76FB00486AB0100D96B5E /* dollUploader.1 in CopyFiles */,
			);
			runOnlyForDeploymentPostprocessing = 1;
		};
/* End PBXCopyFilesBuildPhase section */

/* Begin PBXFileReference section */
		8DD76FB20486AB0100D96B5E /* dollUploader */ = {isa = PBXFileReference; explicitFileType = "compiled.mach-o.executable"; includeInIndex = 0; path = dollUploader; sourceTree = BUILT_PRODUCTS_DIR; };
		C6A0FF2C0290799A04C91782 /* dollUploader.1 */ = {isa = PBXFileReference; lastKnownFileType = text.man; path = dollUploader.1; sourceTree = "<group>"; };
		E4873D5E12FAFBC200EADD08 /* install.xml */ = {isa = PBXFileReference; fileEncoding = 4; lastKnownFileType = text.xml; path = install.xml; sourceTree = "<group>"; };
		E4873D6012FAFBC200EADD08 /* tinyxml.cpp */ = {isa = PBXFileReference; fileEncoding = 4; lastKnownFileType = sourcecode.cpp.cpp; path = tinyxml.cpp; sourceTree = "<group>"; };
		E4873D6112FAFBC200EADD08 /* tinyxml.h */ = {isa = PBXFileReference; fileEncoding = 4; lastKnownFileType = sourcecode.c.h; path = tinyxml.h; sourceTree = "<group>"; };
		E4873D6212FAFBC200EADD08 /* tinyxmlerror.cpp */ = {isa = PBXFileReference; fileEncoding = 4; lastKnownFileType = sourcecode.cpp.cpp; path = tinyxmlerror.cpp; sourceTree = "<group>"; };
		E4873D6312FAFBC200EADD08 /* tinyxmlparser.cpp */ = {isa = PBXFileReference; fileEncoding = 4; lastKnownFileType = sourcecode.cpp.cpp; path = tinyxmlparser.cpp; sourceTree = "<group>"; };
		E4873D6512FAFBC200EADD08 /* ofxXmlSettings.cpp */ = {isa = PBXFileReference; fileEncoding = 4; lastKnownFileType = sourcecode.cpp.cpp; path = ofxXmlSettings.cpp; sourceTree = "<group>"; };
		E4873D6612FAFBC200EADD08 /* ofxXmlSettings.h */ = {isa = PBXFileReference; fileEncoding = 4; lastKnownFileType = sourcecode.c.h; path = ofxXmlSettings.h; sourceTree = "<group>"; };
		E4B4F6FB1301B8C800B7A10F /* main.cpp */ = {isa = PBXFileReference; fileEncoding = 4; lastKnownFileType = sourcecode.cpp.cpp; path = main.cpp; sourceTree = "<group>"; };
		E4B4F6FC1301B8C800B7A10F /* ofMain.cpp */ = {isa = PBXFileReference; fileEncoding = 4; lastKnownFileType = sourcecode.cpp.cpp; path = ofMain.cpp; sourceTree = "<group>"; };
		E4B4F6FD1301B8C800B7A10F /* ofMain.h */ = {isa = PBXFileReference; fileEncoding = 4; lastKnownFileType = sourcecode.c.h; path = ofMain.h; sourceTree = "<group>"; };
		E4B4F6FE1301B8C800B7A10F /* tttContainer.cpp */ = {isa = PBXFileReference; fileEncoding = 4; lastKnownFileType = sourcecode.cpp.cpp; path = tttContainer.cpp; sourceTree = "<group>"; };
		E4B4F6FF1301B8C800B7A10F /* tttContainer.h */ = {isa = PBXFileReference; fileEncoding = 4; lastKnownFileType = sourcecode.c.h; path = tttContainer.h; sourceTree = "<group>"; };
		E4B4F7001301B8C800B7A10F /* tttData.cpp */ = {isa = PBXFileReference; fileEncoding = 4; lastKnownFileType = sourcecode.cpp.cpp; path = tttData.cpp; sourceTree = "<group>"; };
		E4B4F7011301B8C800B7A10F /* tttData.h */ = {isa = PBXFileReference; fileEncoding = 4; lastKnownFileType = sourcecode.c.h; path = tttData.h; sourceTree = "<group>"; };
		E4B4F7021301B8C800B7A10F /* tttPackage.cpp */ = {isa = PBXFileReference; fileEncoding = 4; lastKnownFileType = sourcecode.cpp.cpp; path = tttPackage.cpp; sourceTree = "<group>"; };
		E4B4F7031301B8C800B7A10F /* tttPackage.h */ = {isa = PBXFileReference; fileEncoding = 4; lastKnownFileType = sourcecode.c.h; path = tttPackage.h; sourceTree = "<group>"; };
		E4B4F7041301B8C800B7A10F /* tttParser.cpp */ = {isa = PBXFileReference; fileEncoding = 4; lastKnownFileType = sourcecode.cpp.cpp; path = tttParser.cpp; sourceTree = "<group>"; };
		E4B4F7051301B8C800B7A10F /* tttParser.h */ = {isa = PBXFileReference; fileEncoding = 4; lastKnownFileType = sourcecode.c.h; path = tttParser.h; sourceTree = "<group>"; };
		E4B4F7061301B8C800B7A10F /* tttUtils.cpp */ = {isa = PBXFileReference; fileEncoding = 4; lastKnownFileType = sourcecode.cpp.cpp; path = tttUtils.cpp; sourceTree = "<group>"; };
		E4B4F7071301B8C800B7A10F /* tttUtils.h */ = {isa = PBXFileReference; fileEncoding = 4; lastKnownFileType = sourcecode.c.h; path = tttUtils.h; sourceTree = "<group>"; };
/* End PBXFileReference section */

/* Begin PBXFrameworksBuildPhase section */
		8DD76FAD0486AB0100D96B5E /* Frameworks */ = {
			isa = PBXFrameworksBuildPhase;
			buildActionMask = 2147483647;
			files = (
			);
			runOnlyForDeploymentPostprocessing = 0;
		};
/* End PBXFrameworksBuildPhase section */

/* Begin PBXGroup section */
		08FB7794FE84155DC02AAC07 /* dollUploader */ = {
			isa = PBXGroup;
			children = (
				E4B4F6FA1301B8C800B7A10F /* src */,
				E4873D5D12FAFBC200EADD08 /* ofxXmlSettings */,
				C6A0FF2B0290797F04C91782 /* Documentation */,
				1AB674ADFE9D54B511CA2CBB /* Products */,
			);
			name = dollUploader;
			sourceTree = "<group>";
		};
		1AB674ADFE9D54B511CA2CBB /* Products */ = {
			isa = PBXGroup;
			children = (
				8DD76FB20486AB0100D96B5E /* dollUploader */,
			);
			name = Products;
			sourceTree = "<group>";
		};
		C6A0FF2B0290797F04C91782 /* Documentation */ = {
			isa = PBXGroup;
			children = (
				C6A0FF2C0290799A04C91782 /* dollUploader.1 */,
			);
			name = Documentation;
			sourceTree = "<group>";
		};
		E4873D5D12FAFBC200EADD08 /* ofxXmlSettings */ = {
			isa = PBXGroup;
			children = (
				E4873D5E12FAFBC200EADD08 /* install.xml */,
				E4873D5F12FAFBC200EADD08 /* libs */,
				E4873D6412FAFBC200EADD08 /* src */,
			);
			name = ofxXmlSettings;
			path = ../../of_preRelease_v0061_osxSL_FAT/addons/ofxXmlSettings;
			sourceTree = SOURCE_ROOT;
		};
		E4873D5F12FAFBC200EADD08 /* libs */ = {
			isa = PBXGroup;
			children = (
				E4873D6012FAFBC200EADD08 /* tinyxml.cpp */,
				E4873D6112FAFBC200EADD08 /* tinyxml.h */,
				E4873D6212FAFBC200EADD08 /* tinyxmlerror.cpp */,
				E4873D6312FAFBC200EADD08 /* tinyxmlparser.cpp */,
			);
			path = libs;
			sourceTree = "<group>";
		};
		E4873D6412FAFBC200EADD08 /* src */ = {
			isa = PBXGroup;
			children = (
				E4873D6512FAFBC200EADD08 /* ofxXmlSettings.cpp */,
				E4873D6612FAFBC200EADD08 /* ofxXmlSettings.h */,
			);
			path = src;
			sourceTree = "<group>";
		};
		E4B4F6FA1301B8C800B7A10F /* src */ = {
			isa = PBXGroup;
			children = (
				E4B4F6FB1301B8C800B7A10F /* main.cpp */,
				E4B4F6FC1301B8C800B7A10F /* ofMain.cpp */,
				E4B4F6FD1301B8C800B7A10F /* ofMain.h */,
				E4B4F6FE1301B8C800B7A10F /* tttContainer.cpp */,
				E4B4F6FF1301B8C800B7A10F /* tttContainer.h */,
				E4B4F7001301B8C800B7A10F /* tttData.cpp */,
				E4B4F7011301B8C800B7A10F /* tttData.h */,
				E4B4F7021301B8C800B7A10F /* tttPackage.cpp */,
				E4B4F7031301B8C800B7A10F /* tttPackage.h */,
				E4B4F7041301B8C800B7A10F /* tttParser.cpp */,
				E4B4F7051301B8C800B7A10F /* tttParser.h */,
				E4B4F7061301B8C800B7A10F /* tttUtils.cpp */,
				E4B4F7071301B8C800B7A10F /* tttUtils.h */,
			);
			path = src;
			sourceTree = "<group>";
		};
/* End PBXGroup section */

/* Begin PBXNativeTarget section */
		8DD76FA90486AB0100D96B5E /* dollUploader */ = {
			isa = PBXNativeTarget;
			buildConfigurationList = 1DEB928508733DD80010E9CD /* Build configuration list for PBXNativeTarget "dollUploader" */;
			buildPhases = (
				8DD76FAB0486AB0100D96B5E /* Sources */,
				8DD76FAD0486AB0100D96B5E /* Frameworks */,
				8DD76FAF0486AB0100D96B5E /* CopyFiles */,
			);
			buildRules = (
			);
			dependencies = (
			);
			name = dollUploader;
			productInstallPath = "$(HOME)/bin";
			productName = dollUploader;
			productReference = 8DD76FB20486AB0100D96B5E /* dollUploader */;
			productType = "com.apple.product-type.tool";
		};
/* End PBXNativeTarget section */

/* Begin PBXProject section */
		08FB7793FE84155DC02AAC07 /* Project object */ = {
			isa = PBXProject;
			buildConfigurationList = 1DEB928908733DD80010E9CD /* Build configuration list for PBXProject "dollUploader" */;
			compatibilityVersion = "Xcode 3.1";
			developmentRegion = English;
			hasScannedForEncodings = 1;
			knownRegions = (
				English,
				Japanese,
				French,
				German,
			);
			mainGroup = 08FB7794FE84155DC02AAC07 /* dollUploader */;
			projectDirPath = "";
			projectRoot = "";
			targets = (
				8DD76FA90486AB0100D96B5E /* dollUploader */,
			);
		};
/* End PBXProject section */

/* Begin PBXSourcesBuildPhase section */
		8DD76FAB0486AB0100D96B5E /* Sources */ = {
			isa = PBXSourcesBuildPhase;
			buildActionMask = 2147483647;
			files = (
				E4873D6712FAFBC200EADD08 /* tinyxml.cpp in Sources */,
				E4873D6812FAFBC200EADD08 /* tinyxmlerror.cpp in Sources */,
				E4873D6912FAFBC200EADD08 /* tinyxmlparser.cpp in Sources */,
				E4873D6A12FAFBC200EADD08 /* ofxXmlSettings.cpp in Sources */,
				E4B4F7081301B8C800B7A10F /* main.cpp in Sources */,
				E4B4F7091301B8C800B7A10F /* ofMain.cpp in Sources */,
				E4B4F70A1301B8C800B7A10F /* tttContainer.cpp in Sources */,
				E4B4F70B1301B8C800B7A10F /* tttData.cpp in Sources */,
				E4B4F70C1301B8C800B7A10F /* tttPackage.cpp in Sources */,
				E4B4F70D1301B8C800B7A10F /* tttParser.cpp in Sources */,
				E4B4F70E1301B8C800B7A10F /* tttUtils.cpp in Sources */,
			);
			runOnlyForDeploymentPostprocessing = 0;
		};
/* End PBXSourcesBuildPhase section */

/* Begin XCBuildConfiguration section */
		1DEB928608733DD80010E9CD /* Debug */ = {
			isa = XCBuildConfiguration;
			buildSettings = {
				ALWAYS_SEARCH_USER_PATHS = NO;
				CONFIGURATION_BUILD_DIR = "bin/$(EFFECTIVE_PLATFORM_NAME)";
				COPY_PHASE_STRIP = NO;
				GCC_DYNAMIC_NO_PIC = NO;
				GCC_ENABLE_FIX_AND_CONTINUE = YES;
				GCC_MODEL_TUNING = G5;
				GCC_OPTIMIZATION_LEVEL = 0;
				INSTALL_PATH = /usr/local/bin;
				PRODUCT_NAME = dollUploader;
				SYMROOT = build;
			};
			name = Debug;
		};
		1DEB928708733DD80010E9CD /* Release */ = {
			isa = XCBuildConfiguration;
			buildSettings = {
				ALWAYS_SEARCH_USER_PATHS = NO;
				DEBUG_INFORMATION_FORMAT = "dwarf-with-dsym";
				GCC_MODEL_TUNING = G5;
				INSTALL_PATH = /usr/local/bin;
				PRODUCT_NAME = dollUploader;
			};
			name = Release;
		};
		1DEB928A08733DD80010E9CD /* Debug */ = {
			isa = XCBuildConfiguration;
			buildSettings = {
				ARCHS = "$(ARCHS_STANDARD_32_64_BIT)";
				GCC_C_LANGUAGE_STANDARD = gnu99;
				GCC_OPTIMIZATION_LEVEL = 0;
				GCC_WARN_ABOUT_RETURN_TYPE = YES;
				GCC_WARN_UNUSED_VARIABLE = YES;
				ONLY_ACTIVE_ARCH = YES;
				PREBINDING = NO;
				SDKROOT = macosx10.6;
			};
			name = Debug;
		};
		1DEB928B08733DD80010E9CD /* Release */ = {
			isa = XCBuildConfiguration;
			buildSettings = {
				ARCHS = "$(ARCHS_STANDARD_32_64_BIT)";
				GCC_C_LANGUAGE_STANDARD = gnu99;
				GCC_WARN_ABOUT_RETURN_TYPE = YES;
				GCC_WARN_UNUSED_VARIABLE = YES;
				PREBINDING = NO;
				SDKROOT = macosx10.6;
			};
			name = Release;
		};
/* End XCBuildConfiguration section */

/* Begin XCConfigurationList section */
		1DEB928508733DD80010E9CD /* Build configuration list for PBXNativeTarget "dollUploader" */ = {
			isa = XCConfigurationList;
			buildConfigurations = (
				1DEB928608733DD80010E9CD /* Debug */,
				1DEB928708733DD80010E9CD /* Release */,
			);
			defaultConfigurationIsVisible = 0;
			defaultConfigurationName = Release;
		};
		1DEB928908733DD80010E9CD /* Build configuration list for PBXProject "dollUploader" */ = {
			isa = XCConfigurationList;
			buildConfigurations = (
				1DEB928A08733DD80010E9CD /* Debug */,
				1DEB928B08733DD80010E9CD /* Release */,
			);
			defaultConfigurationIsVisible = 0;
			defaultConfigurationName = Release;
		};
/* End XCConfigurationList section */
	};
	rootObject = 08FB7793FE84155DC02AAC07 /* Project object */;
}
